Microsoft Visual Studio Solution File, Format Version 12.00
# Visual Studio Version 17
VisualStudioVersion = 17.5.2.0
MinimumVisualStudioVersion = 10.0.40219.1
Project("{FAE04EC0-301F-11D3-BF4B-00C04F79EFBC}") = "SubnauticaGraphicsMod", "SubnauticaGraphicsMod.csproj", "{996A0C79-6EA5-424D-847E-71DE0E178F1D}"
EndProject
Global
	GlobalSection(SolutionConfigurationPlatforms) = preSolution
		Debug|Any CPU = Debug|Any CPU
		Release|Any CPU = Release|Any CPU
	EndGlobalSection
	GlobalSection(ProjectConfigurationPlatforms) = postSolution
		{996A0C79-6EA5-424D-847E-71DE0E178F1D}.Debug|Any CPU.ActiveCfg = Debug|Any CPU
		{996A0C79-6EA5-424D-847E-71DE0E178F1D}.Debug|Any CPU.Build.0 = Debug|Any CPU
		{996A0C79-6EA5-424D-847E-71DE0E178F1D}.Release|Any CPU.ActiveCfg = Release|Any CPU
		{996A0C79-6EA5-424D-847E-71DE0E178F1D}.Release|Any CPU.Build.0 = Release|Any CPU
	EndGlobalSection
	GlobalSection(SolutionProperties) = preSolution
		HideSolutionNode = FALSE
	EndGlobalSection
	GlobalSection(ExtensibilityGlobals) = postSolution
		SolutionGuid = {27602DA4-727E-47B6-B398-7CFAB2DC5622}
	EndGlobalSection
EndGlobal
